
Microsoft Visual Studio Solution File, Format Version 12.00
# Visual Studio Version 17
VisualStudioVersion = 17.13.35828.75 d17.13
MinimumVisualStudioVersion = 10.0.40219.1
Project("{FAE04EC0-301F-11D3-BF4B-00C04F79EFBC}") = "LINQ", "LINQ.csproj", "{F90F35B9-34E1-46CF-9285-CBA158F98B27}"
EndProject
Global
	GlobalSection(SolutionConfigurationPlatforms) = preSolution
		Debug|Any CPU = Debug|Any CPU
		Release|Any CPU = Release|Any CPU
	EndGlobalSection
	GlobalSection(ProjectConfigurationPlatforms) = postSolution
		{F90F35B9-34E1-46CF-9285-CBA158F98B27}.Debug|Any CPU.ActiveCfg = Debug|Any CPU
		{F90F35B9-34E1-46CF-9285-CBA158F98B27}.Debug|Any CPU.Build.0 = Debug|Any CPU
		{F90F35B9-34E1-46CF-9285-CBA158F98B27}.Release|Any CPU.ActiveCfg = Release|Any CPU
		{F90F35B9-34E1-46CF-9285-CBA158F98B27}.Release|Any CPU.Build.0 = Release|Any CPU
	EndGlobalSection
	GlobalSection(SolutionProperties) = preSolution
		HideSolutionNode = FALSE
	EndGlobalSection
	GlobalSection(ExtensibilityGlobals) = postSolution
		SolutionGuid = {A2E96B3B-5B58-4F79-9D4B-13ED0105D385}
	EndGlobalSection
EndGlobal
