
Microsoft Visual Studio Solution File, Format Version 12.00
# Visual Studio Version 17
VisualStudioVersion = 17.13.35828.75 d17.13
MinimumVisualStudioVersion = 10.0.40219.1
Project("{FAE04EC0-301F-11D3-BF4B-00C04F79EFBC}") = "ArraySortNames", "ArraySortNames.csproj", "{29D0A53D-5692-4920-98C6-290608E44BFB}"
EndProject
Global
	GlobalSection(SolutionConfigurationPlatforms) = preSolution
		Debug|Any CPU = Debug|Any CPU
		Release|Any CPU = Release|Any CPU
	EndGlobalSection
	GlobalSection(ProjectConfigurationPlatforms) = postSolution
		{29D0A53D-5692-4920-98C6-290608E44BFB}.Debug|Any CPU.ActiveCfg = Debug|Any CPU
		{29D0A53D-5692-4920-98C6-290608E44BFB}.Debug|Any CPU.Build.0 = Debug|Any CPU
		{29D0A53D-5692-4920-98C6-290608E44BFB}.Release|Any CPU.ActiveCfg = Release|Any CPU
		{29D0A53D-5692-4920-98C6-290608E44BFB}.Release|Any CPU.Build.0 = Release|Any CPU
	EndGlobalSection
	GlobalSection(SolutionProperties) = preSolution
		HideSolutionNode = FALSE
	EndGlobalSection
	GlobalSection(ExtensibilityGlobals) = postSolution
		SolutionGuid = {EF5E67E9-C5D6-4F2D-9CC3-F3D200A36BE1}
	EndGlobalSection
EndGlobal
